
Microsoft Visual Studio Solution File, Format Version 12.00
# Visual Studio Version 17
VisualStudioVersion = 17.13.35818.85 d17.13
MinimumVisualStudioVersion = 10.0.40219.1
Project("{FAE04EC0-301F-11D3-BF4B-00C04F79EFBC}") = "MergeSortedArrays", "MergeSortedArrays\MergeSortedArrays\MergeSortedArrays.csproj", "{809214D0-26A8-4A0B-B8A4-AE995993F1F5}"
EndProject
Project("{2150E333-8FDC-42A3-9474-1A3956D46DE8}") = "MergeSortedArrays", "MergeSortedArrays", "{36D591C7-65C7-A0D1-1CBC-10CDE441BDC8}"
EndProject
Project("{FAE04EC0-301F-11D3-BF4B-00C04F79EFBC}") = "Tests", "MergeSortedArrays\Tests\Tests.csproj", "{3D4ECD75-C7F4-44DD-99A1-913263272AB8}"
EndProject
Global
	GlobalSection(SolutionConfigurationPlatforms) = preSolution
		Debug|Any CPU = Debug|Any CPU
		Release|Any CPU = Release|Any CPU
	EndGlobalSection
	GlobalSection(ProjectConfigurationPlatforms) = postSolution
		{809214D0-26A8-4A0B-B8A4-AE995993F1F5}.Debug|Any CPU.ActiveCfg = Debug|Any CPU
		{809214D0-26A8-4A0B-B8A4-AE995993F1F5}.Debug|Any CPU.Build.0 = Debug|Any CPU
		{809214D0-26A8-4A0B-B8A4-AE995993F1F5}.Release|Any CPU.ActiveCfg = Release|Any CPU
		{809214D0-26A8-4A0B-B8A4-AE995993F1F5}.Release|Any CPU.Build.0 = Release|Any CPU
		{3D4ECD75-C7F4-44DD-99A1-913263272AB8}.Debug|Any CPU.ActiveCfg = Debug|Any CPU
		{3D4ECD75-C7F4-44DD-99A1-913263272AB8}.Debug|Any CPU.Build.0 = Debug|Any CPU
		{3D4ECD75-C7F4-44DD-99A1-913263272AB8}.Release|Any CPU.ActiveCfg = Release|Any CPU
		{3D4ECD75-C7F4-44DD-99A1-913263272AB8}.Release|Any CPU.Build.0 = Release|Any CPU
	EndGlobalSection
	GlobalSection(SolutionProperties) = preSolution
		HideSolutionNode = FALSE
	EndGlobalSection
	GlobalSection(NestedProjects) = preSolution
		{809214D0-26A8-4A0B-B8A4-AE995993F1F5} = {36D591C7-65C7-A0D1-1CBC-10CDE441BDC8}
		{3D4ECD75-C7F4-44DD-99A1-913263272AB8} = {36D591C7-65C7-A0D1-1CBC-10CDE441BDC8}
	EndGlobalSection
	GlobalSection(ExtensibilityGlobals) = postSolution
		SolutionGuid = {CD659AF5-AB24-470C-BD28-3BAD774932B3}
	EndGlobalSection
EndGlobal
