
Microsoft Visual Studio Solution File, Format Version 12.00
# Visual Studio Version 17
VisualStudioVersion = 17.13.35818.85
MinimumVisualStudioVersion = 10.0.40219.1
Project("{FAE04EC0-301F-11D3-BF4B-00C04F79EFBC}") = "MergeSortedArrays", "MergeSortedArrays\MergeSortedArrays\MergeSortedArrays.csproj", "{809214D0-26A8-4A0B-B8A4-AE995993F1F5}"
EndProject
Project("{2150E333-8FDC-42A3-9474-1A3956D46DE8}") = "MergeSortedArrays", "MergeSortedArrays", "{36D591C7-65C7-A0D1-1CBC-10CDE441BDC8}"
	ProjectSection(SolutionItems) = preProject
		MergeSortedArrays\MergeSortedArrays\Задание.txt = MergeSortedArrays\MergeSortedArrays\Задание.txt
	EndProjectSection
EndProject
Project("{FAE04EC0-301F-11D3-BF4B-00C04F79EFBC}") = "Tests", "MergeSortedArrays\Tests\Tests.csproj", "{3D4ECD75-C7F4-44DD-99A1-913263272AB8}"
EndProject
Project("{2150E333-8FDC-42A3-9474-1A3956D46DE8}") = "BrokenKeyboard", "BrokenKeyboard", "{D2404B56-978E-4275-9347-D04DC9D4D916}"
	ProjectSection(SolutionItems) = preProject
		BrokenKeyboard\BrokenKeyboard\Задание.txt = BrokenKeyboard\BrokenKeyboard\Задание.txt
	EndProjectSection
EndProject
Project("{FAE04EC0-301F-11D3-BF4B-00C04F79EFBC}") = "BrokenKeyboard", "BrokenKeyboard\BrokenKeyboard\BrokenKeyboard.csproj", "{FE67F7FC-AC5E-4F56-BC4D-2729B7DD44B1}"
EndProject
Project("{FAE04EC0-301F-11D3-BF4B-00C04F79EFBC}") = "BrokenKeyboardTests", "BrokenKeyboard\Tests\BrokenKeyboardTests.csproj", "{733EFD14-C360-4FB2-890B-2CD8D28BA46B}"
EndProject
Project("{FAE04EC0-301F-11D3-BF4B-00C04F79EFBC}") = "MaxSumSubarray", "MaxSumSubarray\MaxSumSubarray\MaxSumSubarray.csproj", "{25F8EBD9-ACD8-41DD-AD7F-7BD1FF54F55B}"
EndProject
Project("{2150E333-8FDC-42A3-9474-1A3956D46DE8}") = "MaxSumSubarray", "MaxSumSubarray", "{A8FEE3CD-0091-41E1-B2F9-ABB4A7297EC7}"
	ProjectSection(SolutionItems) = preProject
		MaxSumSubarray\MaxSumSubarray\Задание.txt = MaxSumSubarray\MaxSumSubarray\Задание.txt
	EndProjectSection
EndProject
Project("{FAE04EC0-301F-11D3-BF4B-00C04F79EFBC}") = "Tests", "MaxSumSubarray\Tests\Tests.csproj", "{09FE1245-7DB2-4EE3-8621-F0B88EF4AC6B}"
EndProject
Global
	GlobalSection(SolutionConfigurationPlatforms) = preSolution
		Debug|Any CPU = Debug|Any CPU
		Release|Any CPU = Release|Any CPU
	EndGlobalSection
	GlobalSection(ProjectConfigurationPlatforms) = postSolution
		{809214D0-26A8-4A0B-B8A4-AE995993F1F5}.Debug|Any CPU.ActiveCfg = Debug|Any CPU
		{809214D0-26A8-4A0B-B8A4-AE995993F1F5}.Debug|Any CPU.Build.0 = Debug|Any CPU
		{809214D0-26A8-4A0B-B8A4-AE995993F1F5}.Release|Any CPU.ActiveCfg = Release|Any CPU
		{809214D0-26A8-4A0B-B8A4-AE995993F1F5}.Release|Any CPU.Build.0 = Release|Any CPU
		{3D4ECD75-C7F4-44DD-99A1-913263272AB8}.Debug|Any CPU.ActiveCfg = Debug|Any CPU
		{3D4ECD75-C7F4-44DD-99A1-913263272AB8}.Debug|Any CPU.Build.0 = Debug|Any CPU
		{3D4ECD75-C7F4-44DD-99A1-913263272AB8}.Release|Any CPU.ActiveCfg = Release|Any CPU
		{3D4ECD75-C7F4-44DD-99A1-913263272AB8}.Release|Any CPU.Build.0 = Release|Any CPU
		{FE67F7FC-AC5E-4F56-BC4D-2729B7DD44B1}.Debug|Any CPU.ActiveCfg = Debug|Any CPU
		{FE67F7FC-AC5E-4F56-BC4D-2729B7DD44B1}.Debug|Any CPU.Build.0 = Debug|Any CPU
		{FE67F7FC-AC5E-4F56-BC4D-2729B7DD44B1}.Release|Any CPU.ActiveCfg = Release|Any CPU
		{FE67F7FC-AC5E-4F56-BC4D-2729B7DD44B1}.Release|Any CPU.Build.0 = Release|Any CPU
		{733EFD14-C360-4FB2-890B-2CD8D28BA46B}.Debug|Any CPU.ActiveCfg = Debug|Any CPU
		{733EFD14-C360-4FB2-890B-2CD8D28BA46B}.Debug|Any CPU.Build.0 = Debug|Any CPU
		{733EFD14-C360-4FB2-890B-2CD8D28BA46B}.Release|Any CPU.ActiveCfg = Release|Any CPU
		{733EFD14-C360-4FB2-890B-2CD8D28BA46B}.Release|Any CPU.Build.0 = Release|Any CPU
		{25F8EBD9-ACD8-41DD-AD7F-7BD1FF54F55B}.Debug|Any CPU.ActiveCfg = Debug|Any CPU
		{25F8EBD9-ACD8-41DD-AD7F-7BD1FF54F55B}.Debug|Any CPU.Build.0 = Debug|Any CPU
		{25F8EBD9-ACD8-41DD-AD7F-7BD1FF54F55B}.Release|Any CPU.ActiveCfg = Release|Any CPU
		{25F8EBD9-ACD8-41DD-AD7F-7BD1FF54F55B}.Release|Any CPU.Build.0 = Release|Any CPU
		{09FE1245-7DB2-4EE3-8621-F0B88EF4AC6B}.Debug|Any CPU.ActiveCfg = Debug|Any CPU
		{09FE1245-7DB2-4EE3-8621-F0B88EF4AC6B}.Debug|Any CPU.Build.0 = Debug|Any CPU
		{09FE1245-7DB2-4EE3-8621-F0B88EF4AC6B}.Release|Any CPU.ActiveCfg = Release|Any CPU
		{09FE1245-7DB2-4EE3-8621-F0B88EF4AC6B}.Release|Any CPU.Build.0 = Release|Any CPU
	EndGlobalSection
	GlobalSection(SolutionProperties) = preSolution
		HideSolutionNode = FALSE
	EndGlobalSection
	GlobalSection(NestedProjects) = preSolution
		{809214D0-26A8-4A0B-B8A4-AE995993F1F5} = {36D591C7-65C7-A0D1-1CBC-10CDE441BDC8}
		{3D4ECD75-C7F4-44DD-99A1-913263272AB8} = {36D591C7-65C7-A0D1-1CBC-10CDE441BDC8}
		{FE67F7FC-AC5E-4F56-BC4D-2729B7DD44B1} = {D2404B56-978E-4275-9347-D04DC9D4D916}
		{733EFD14-C360-4FB2-890B-2CD8D28BA46B} = {D2404B56-978E-4275-9347-D04DC9D4D916}
		{25F8EBD9-ACD8-41DD-AD7F-7BD1FF54F55B} = {A8FEE3CD-0091-41E1-B2F9-ABB4A7297EC7}
		{09FE1245-7DB2-4EE3-8621-F0B88EF4AC6B} = {A8FEE3CD-0091-41E1-B2F9-ABB4A7297EC7}
	EndGlobalSection
	GlobalSection(ExtensibilityGlobals) = postSolution
		SolutionGuid = {CD659AF5-AB24-470C-BD28-3BAD774932B3}
	EndGlobalSection
EndGlobal
